// !$*UTF8*$!
{
	archiveVersion = 1;
	classes = {
	};
	objectVersion = 50;
	objects = {

/* Begin PBXBuildFile section */
		823B90BD2187333E003E258A /* AppDelegate.swift in Sources */ = {isa = PBXBuildFile; fileRef = 823B90BC2187333E003E258A /* AppDelegate.swift */; };
		823B90BF2187333E003E258A /* ViewController.swift in Sources */ = {isa = PBXBuildFile; fileRef = 823B90BE2187333E003E258A /* ViewController.swift */; };
		823B90C22187333E003E258A /* Main.storyboard in Resources */ = {isa = PBXBuildFile; fileRef = 823B90C02187333E003E258A /* Main.storyboard */; };
		823B90C421873340003E258A /* Assets.xcassets in Resources */ = {isa = PBXBuildFile; fileRef = 823B90C321873340003E258A /* Assets.xcassets */; };
		823B90C721873340003E258A /* LaunchScreen.storyboard in Resources */ = {isa = PBXBuildFile; fileRef = 823B90C521873340003E258A /* LaunchScreen.storyboard */; };
		82735E1921ED099B0074830D /* API.swift in Sources */ = {isa = PBXBuildFile; fileRef = 82735E1821ED099A0074830D /* API.swift */; };
		82F5E2C6220491E4000D391A /* Weather.swift in Sources */ = {isa = PBXBuildFile; fileRef = 82F5E2C5220491E4000D391A /* Weather.swift */; };
		82F5E2C8220496DA000D391A /* APIClient.swift in Sources */ = {isa = PBXBuildFile; fileRef = 82F5E2C7220496DA000D391A /* APIClient.swift */; };
		82F5E2CA2204A192000D391A /* Endpoint.swift in Sources */ = {isa = PBXBuildFile; fileRef = 82F5E2C92204A192000D391A /* Endpoint.swift */; };
		82F5E2CC2204A3A3000D391A /* WeatherAPIClient.swift in Sources */ = {isa = PBXBuildFile; fileRef = 82F5E2CB2204A3A3000D391A /* WeatherAPIClient.swift */; };
		82F5E2CF2204DD3A000D391A /* LocationManager.swift in Sources */ = {isa = PBXBuildFile; fileRef = 82F5E2CE2204DD3A000D391A /* LocationManager.swift */; };
/* End PBXBuildFile section */

/* Begin PBXFileReference section */
		823B90B92187333E003E258A /* WeatherApp.app */ = {isa = PBXFileReference; explicitFileType = wrapper.application; includeInIndex = 0; path = WeatherApp.app; sourceTree = BUILT_PRODUCTS_DIR; };
		823B90BC2187333E003E258A /* AppDelegate.swift */ = {isa = PBXFileReference; lastKnownFileType = sourcecode.swift; path = AppDelegate.swift; sourceTree = "<group>"; };
		823B90BE2187333E003E258A /* ViewController.swift */ = {isa = PBXFileReference; lastKnownFileType = sourcecode.swift; path = ViewController.swift; sourceTree = "<group>"; };
		823B90C12187333E003E258A /* Base */ = {isa = PBXFileReference; lastKnownFileType = file.storyboard; name = Base; path = Base.lproj/Main.storyboard; sourceTree = "<group>"; };
		823B90C321873340003E258A /* Assets.xcassets */ = {isa = PBXFileReference; lastKnownFileType = folder.assetcatalog; path = Assets.xcassets; sourceTree = "<group>"; };
		823B90C621873340003E258A /* Base */ = {isa = PBXFileReference; lastKnownFileType = file.storyboard; name = Base; path = Base.lproj/LaunchScreen.storyboard; sourceTree = "<group>"; };
		823B90C821873340003E258A /* Info.plist */ = {isa = PBXFileReference; lastKnownFileType = text.plist.xml; path = Info.plist; sourceTree = "<group>"; };
		82735E1821ED099A0074830D /* API.swift */ = {isa = PBXFileReference; lastKnownFileType = sourcecode.swift; path = API.swift; sourceTree = "<group>"; };
		82F5E2C5220491E4000D391A /* Weather.swift */ = {isa = PBXFileReference; lastKnownFileType = sourcecode.swift; path = Weather.swift; sourceTree = "<group>"; };
		82F5E2C7220496DA000D391A /* APIClient.swift */ = {isa = PBXFileReference; lastKnownFileType = sourcecode.swift; path = APIClient.swift; sourceTree = "<group>"; };
		82F5E2C92204A192000D391A /* Endpoint.swift */ = {isa = PBXFileReference; lastKnownFileType = sourcecode.swift; path = Endpoint.swift; sourceTree = "<group>"; };
		82F5E2CB2204A3A3000D391A /* WeatherAPIClient.swift */ = {isa = PBXFileReference; lastKnownFileType = sourcecode.swift; path = WeatherAPIClient.swift; sourceTree = "<group>"; };
		82F5E2CE2204DD3A000D391A /* LocationManager.swift */ = {isa = PBXFileReference; lastKnownFileType = sourcecode.swift; path = LocationManager.swift; sourceTree = "<group>"; };
/* End PBXFileReference section */

/* Begin PBXFrameworksBuildPhase section */
		823B90B62187333E003E258A /* Frameworks */ = {
			isa = PBXFrameworksBuildPhase;
			buildActionMask = 2147483647;
			files = (
			);
			runOnlyForDeploymentPostprocessing = 0;
		};
/* End PBXFrameworksBuildPhase section */

/* Begin PBXGroup section */
		823B90B02187333E003E258A = {
			isa = PBXGroup;
			children = (
				823B90BB2187333E003E258A /* WeatherApp */,
				823B90BA2187333E003E258A /* Products */,
			);
			sourceTree = "<group>";
		};
		823B90BA2187333E003E258A /* Products */ = {
			isa = PBXGroup;
			children = (
				823B90B92187333E003E258A /* WeatherApp.app */,
			);
			name = Products;
			sourceTree = "<group>";
		};
		823B90BB2187333E003E258A /* WeatherApp */ = {
			isa = PBXGroup;
			children = (
				82F5E2CD2204DD15000D391A /* Location */,
				82F5E2C4220491C1000D391A /* Weather */,
				823B90BC2187333E003E258A /* AppDelegate.swift */,
				823B90BE2187333E003E258A /* ViewController.swift */,
				823B90C02187333E003E258A /* Main.storyboard */,
				823B90C321873340003E258A /* Assets.xcassets */,
				823B90C521873340003E258A /* LaunchScreen.storyboard */,
				823B90C821873340003E258A /* Info.plist */,
				82735E1821ED099A0074830D /* API.swift */,
			);
			path = WeatherApp;
			sourceTree = "<group>";
		};
		82F5E2C4220491C1000D391A /* Weather */ = {
			isa = PBXGroup;
			children = (
				82F5E2C5220491E4000D391A /* Weather.swift */,
				82F5E2C7220496DA000D391A /* APIClient.swift */,
				82F5E2C92204A192000D391A /* Endpoint.swift */,
				82F5E2CB2204A3A3000D391A /* WeatherAPIClient.swift */,
			);
			path = Weather;
			sourceTree = "<group>";
		};
		82F5E2CD2204DD15000D391A /* Location */ = {
			isa = PBXGroup;
			children = (
				82F5E2CE2204DD3A000D391A /* LocationManager.swift */,
			);
			path = Location;
			sourceTree = "<group>";
		};
/* End PBXGroup section */

/* Begin PBXNativeTarget section */
		823B90B82187333E003E258A /* WeatherApp */ = {
			isa = PBXNativeTarget;
			buildConfigurationList = 823B90CB21873340003E258A /* Build configuration list for PBXNativeTarget "WeatherApp" */;
			buildPhases = (
				823B90B52187333E003E258A /* Sources */,
				823B90B62187333E003E258A /* Frameworks */,
				823B90B72187333E003E258A /* Resources */,
			);
			buildRules = (
			);
			dependencies = (
			);
			name = WeatherApp;
			productName = WeatherApp;
			productReference = 823B90B92187333E003E258A /* WeatherApp.app */;
			productType = "com.apple.product-type.application";
		};
/* End PBXNativeTarget section */

/* Begin PBXProject section */
		823B90B12187333E003E258A /* Project object */ = {
			isa = PBXProject;
			attributes = {
				LastSwiftUpdateCheck = 1000;
				LastUpgradeCheck = 1000;
				ORGANIZATIONNAME = "Ernestas Kazinevicius";
				TargetAttributes = {
					823B90B82187333E003E258A = {
						CreatedOnToolsVersion = 10.0;
					};
				};
			};
			buildConfigurationList = 823B90B42187333E003E258A /* Build configuration list for PBXProject "WeatherApp" */;
			compatibilityVersion = "Xcode 9.3";
			developmentRegion = en;
			hasScannedForEncodings = 0;
			knownRegions = (
				en,
				Base,
			);
			mainGroup = 823B90B02187333E003E258A;
			productRefGroup = 823B90BA2187333E003E258A /* Products */;
			projectDirPath = "";
			projectRoot = "";
			targets = (
				823B90B82187333E003E258A /* WeatherApp */,
			);
		};
/* End PBXProject section */

/* Begin PBXResourcesBuildPhase section */
		823B90B72187333E003E258A /* Resources */ = {
			isa = PBXResourcesBuildPhase;
			buildActionMask = 2147483647;
			files = (
				823B90C721873340003E258A /* LaunchScreen.storyboard in Resources */,
				823B90C421873340003E258A /* Assets.xcassets in Resources */,
				823B90C22187333E003E258A /* Main.storyboard in Resources */,
			);
			runOnlyForDeploymentPostprocessing = 0;
		};
/* End PBXResourcesBuildPhase section */

/* Begin PBXSourcesBuildPhase section */
		823B90B52187333E003E258A /* Sources */ = {
			isa = PBXSourcesBuildPhase;
			buildActionMask = 2147483647;
			files = (
				823B90BF2187333E003E258A /* ViewController.swift in Sources */,
				82F5E2C6220491E4000D391A /* Weather.swift in Sources */,
				82735E1921ED099B0074830D /* API.swift in Sources */,
				82F5E2C8220496DA000D391A /* APIClient.swift in Sources */,
				82F5E2CF2204DD3A000D391A /* LocationManager.swift in Sources */,
				82F5E2CA2204A192000D391A /* Endpoint.swift in Sources */,
				823B90BD2187333E003E258A /* AppDelegate.swift in Sources */,
				82F5E2CC2204A3A3000D391A /* WeatherAPIClient.swift in Sources */,
			);
			runOnlyForDeploymentPostprocessing = 0;
		};
/* End PBXSourcesBuildPhase section */

/* Begin PBXVariantGroup section */
		823B90C02187333E003E258A /* Main.storyboard */ = {
			isa = PBXVariantGroup;
			children = (
				823B90C12187333E003E258A /* Base */,
			);
			name = Main.storyboard;
			sourceTree = "<group>";
		};
		823B90C521873340003E258A /* LaunchScreen.storyboard */ = {
			isa = PBXVariantGroup;
			children = (
				823B90C621873340003E258A /* Base */,
			);
			name = LaunchScreen.storyboard;
			sourceTree = "<group>";
		};
/* End PBXVariantGroup section */

/* Begin XCBuildConfiguration section */
		823B90C921873340003E258A /* Debug */ = {
			isa = XCBuildConfiguration;
			buildSettings = {
				ALWAYS_SEARCH_USER_PATHS = NO;
				CLANG_ANALYZER_NONNULL = YES;
				CLANG_ANALYZER_NUMBER_OBJECT_CONVERSION = YES_AGGRESSIVE;
				CLANG_CXX_LANGUAGE_STANDARD = "gnu++14";
				CLANG_CXX_LIBRARY = "libc++";
				CLANG_ENABLE_MODULES = YES;
				CLANG_ENABLE_OBJC_ARC = YES;
				CLANG_ENABLE_OBJC_WEAK = YES;
				CLANG_WARN_BLOCK_CAPTURE_AUTORELEASING = YES;
				CLANG_WARN_BOOL_CONVERSION = YES;
				CLANG_WARN_COMMA = YES;
				CLANG_WARN_CONSTANT_CONVERSION = YES;
				CLANG_WARN_DEPRECATED_OBJC_IMPLEMENTATIONS = YES;
				CLANG_WARN_DIRECT_OBJC_ISA_USAGE = YES_ERROR;
				CLANG_WARN_DOCUMENTATION_COMMENTS = YES;
				CLANG_WARN_EMPTY_BODY = YES;
				CLANG_WARN_ENUM_CONVERSION = YES;
				CLANG_WARN_INFINITE_RECURSION = YES;
				CLANG_WARN_INT_CONVERSION = YES;
				CLANG_WARN_NON_LITERAL_NULL_CONVERSION = YES;
				CLANG_WARN_OBJC_IMPLICIT_RETAIN_SELF = YES;
				CLANG_WARN_OBJC_LITERAL_CONVERSION = YES;
				CLANG_WARN_OBJC_ROOT_CLASS = YES_ERROR;
				CLANG_WARN_RANGE_LOOP_ANALYSIS = YES;
				CLANG_WARN_STRICT_PROTOTYPES = YES;
				CLANG_WARN_SUSPICIOUS_MOVE = YES;
				CLANG_WARN_UNGUARDED_AVAILABILITY = YES_AGGRESSIVE;
				CLANG_WARN_UNREACHABLE_CODE = YES;
				CLANG_WARN__DUPLICATE_METHOD_MATCH = YES;
				CODE_SIGN_IDENTITY = "iPhone Developer";
				COPY_PHASE_STRIP = NO;
				DEBUG_INFORMATION_FORMAT = dwarf;
				ENABLE_STRICT_OBJC_MSGSEND = YES;
				ENABLE_TESTABILITY = YES;
				GCC_C_LANGUAGE_STANDARD = gnu11;
				GCC_DYNAMIC_NO_PIC = NO;
				GCC_NO_COMMON_BLOCKS = YES;
				GCC_OPTIMIZATION_LEVEL = 0;
				GCC_PREPROCESSOR_DEFINITIONS = (
					"DEBUG=1",
					"$(inherited)",
				);
				GCC_WARN_64_TO_32_BIT_CONVERSION = YES;
				GCC_WARN_ABOUT_RETURN_TYPE = YES_ERROR;
				GCC_WARN_UNDECLARED_SELECTOR = YES;
				GCC_WARN_UNINITIALIZED_AUTOS = YES_AGGRESSIVE;
				GCC_WARN_UNUSED_FUNCTION = YES;
				GCC_WARN_UNUSED_VARIABLE = YES;
				IPHONEOS_DEPLOYMENT_TARGET = 12.0;
				MTL_ENABLE_DEBUG_INFO = INCLUDE_SOURCE;
				MTL_FAST_MATH = YES;
				ONLY_ACTIVE_ARCH = YES;
				SDKROOT = iphoneos;
				SWIFT_ACTIVE_COMPILATION_CONDITIONS = DEBUG;
				SWIFT_OPTIMIZATION_LEVEL = "-Onone";
			};
			name = Debug;
		};
		823B90CA21873340003E258A /* Release */ = {
			isa = XCBuildConfiguration;
			buildSettings = {
				ALWAYS_SEARCH_USER_PATHS = NO;
				CLANG_ANALYZER_NONNULL = YES;
				CLANG_ANALYZER_NUMBER_OBJECT_CONVERSION = YES_AGGRESSIVE;
				CLANG_CXX_LANGUAGE_STANDARD = "gnu++14";
				CLANG_CXX_LIBRARY = "libc++";
				CLANG_ENABLE_MODULES = YES;
				CLANG_ENABLE_OBJC_ARC = YES;
				CLANG_ENABLE_OBJC_WEAK = YES;
				CLANG_WARN_BLOCK_CAPTURE_AUTORELEASING = YES;
				CLANG_WARN_BOOL_CONVERSION = YES;
				CLANG_WARN_COMMA = YES;
				CLANG_WARN_CONSTANT_CONVERSION = YES;
				CLANG_WARN_DEPRECATED_OBJC_IMPLEMENTATIONS = YES;
				CLANG_WARN_DIRECT_OBJC_ISA_USAGE = YES_ERROR;
				CLANG_WARN_DOCUMENTATION_COMMENTS = YES;
				CLANG_WARN_EMPTY_BODY = YES;
				CLANG_WARN_ENUM_CONVERSION = YES;
				CLANG_WARN_INFINITE_RECURSION = YES;
				CLANG_WARN_INT_CONVERSION = YES;
				CLANG_WARN_NON_LITERAL_NULL_CONVERSION = YES;
				CLANG_WARN_OBJC_IMPLICIT_RETAIN_SELF = YES;
				CLANG_WARN_OBJC_LITERAL_CONVERSION = YES;
				CLANG_WARN_OBJC_ROOT_CLASS = YES_ERROR;
				CLANG_WARN_RANGE_LOOP_ANALYSIS = YES;
				CLANG_WARN_STRICT_PROTOTYPES = YES;
				CLANG_WARN_SUSPICIOUS_MOVE = YES;
				CLANG_WARN_UNGUARDED_AVAILABILITY = YES_AGGRESSIVE;
				CLANG_WARN_UNREACHABLE_CODE = YES;
				CLANG_WARN__DUPLICATE_METHOD_MATCH = YES;
				CODE_SIGN_IDENTITY = "iPhone Developer";
				COPY_PHASE_STRIP = NO;
				DEBUG_INFORMATION_FORMAT = "dwarf-with-dsym";
				ENABLE_NS_ASSERTIONS = NO;
				ENABLE_STRICT_OBJC_MSGSEND = YES;
				GCC_C_LANGUAGE_STANDARD = gnu11;
				GCC_NO_COMMON_BLOCKS = YES;
				GCC_WARN_64_TO_32_BIT_CONVERSION = YES;
				GCC_WARN_ABOUT_RETURN_TYPE = YES_ERROR;
				GCC_WARN_UNDECLARED_SELECTOR = YES;
				GCC_WARN_UNINITIALIZED_AUTOS = YES_AGGRESSIVE;
				GCC_WARN_UNUSED_FUNCTION = YES;
				GCC_WARN_UNUSED_VARIABLE = YES;
				IPHONEOS_DEPLOYMENT_TARGET = 12.0;
				MTL_ENABLE_DEBUG_INFO = NO;
				MTL_FAST_MATH = YES;
				SDKROOT = iphoneos;
				SWIFT_COMPILATION_MODE = wholemodule;
				SWIFT_OPTIMIZATION_LEVEL = "-O";
				VALIDATE_PRODUCT = YES;
			};
			name = Release;
		};
		823B90CC21873340003E258A /* Debug */ = {
			isa = XCBuildConfiguration;
			buildSettings = {
				ASSETCATALOG_COMPILER_APPICON_NAME = AppIcon;
				CODE_SIGN_STYLE = Automatic;
				DEVELOPMENT_TEAM = UMD6XTF67G;
				INFOPLIST_FILE = WeatherApp/Info.plist;
				LD_RUNPATH_SEARCH_PATHS = (
					"$(inherited)",
					"@executable_path/Frameworks",
				);
				PRODUCT_BUNDLE_IDENTIFIER = EK.WeatherApp;
				PRODUCT_NAME = "$(TARGET_NAME)";
				SWIFT_VERSION = 4.2;
				TARGETED_DEVICE_FAMILY = "1,2";
			};
			name = Debug;
		};
		823B90CD21873340003E258A /* Release */ = {
			isa = XCBuildConfiguration;
			buildSettings = {
				ASSETCATALOG_COMPILER_APPICON_NAME = AppIcon;
				CODE_SIGN_STYLE = Automatic;
				DEVELOPMENT_TEAM = UMD6XTF67G;
				INFOPLIST_FILE = WeatherApp/Info.plist;
				LD_RUNPATH_SEARCH_PATHS = (
					"$(inherited)",
					"@executable_path/Frameworks",
				);
				PRODUCT_BUNDLE_IDENTIFIER = EK.WeatherApp;
				PRODUCT_NAME = "$(TARGET_NAME)";
				SWIFT_VERSION = 4.2;
				TARGETED_DEVICE_FAMILY = "1,2";
			};
			name = Release;
		};
/* End XCBuildConfiguration section */

/* Begin XCConfigurationList section */
		823B90B42187333E003E258A /* Build configuration list for PBXProject "WeatherApp" */ = {
			isa = XCConfigurationList;
			buildConfigurations = (
				823B90C921873340003E258A /* Debug */,
				823B90CA21873340003E258A /* Release */,
			);
			defaultConfigurationIsVisible = 0;
			defaultConfigurationName = Release;
		};
		823B90CB21873340003E258A /* Build configuration list for PBXNativeTarget "WeatherApp" */ = {
			isa = XCConfigurationList;
			buildConfigurations = (
				823B90CC21873340003E258A /* Debug */,
				823B90CD21873340003E258A /* Release */,
			);
			defaultConfigurationIsVisible = 0;
			defaultConfigurationName = Release;
		};
/* End XCConfigurationList section */
	};
	rootObject = 823B90B12187333E003E258A /* Project object */;
}
